
Microsoft Visual Studio Solution File, Format Version 12.00
# Visual Studio Version 16
VisualStudioVersion = 16.0.30804.86
MinimumVisualStudioVersion = 10.0.40219.1
Project("{FAE04EC0-301F-11D3-BF4B-00C04F79EFBC}") = "matriz", "matriz\matriz.csproj", "{41B96174-74D6-49BB-9ADF-B14B4F733161}"
EndProject
Global
	GlobalSection(SolutionConfigurationPlatforms) = preSolution
		Debug|Any CPU = Debug|Any CPU
		Release|Any CPU = Release|Any CPU
	EndGlobalSection
	GlobalSection(ProjectConfigurationPlatforms) = postSolution
		{41B96174-74D6-49BB-9ADF-B14B4F733161}.Debug|Any CPU.ActiveCfg = Debug|Any CPU
		{41B96174-74D6-49BB-9ADF-B14B4F733161}.Debug|Any CPU.Build.0 = Debug|Any CPU
		{41B96174-74D6-49BB-9ADF-B14B4F733161}.Release|Any CPU.ActiveCfg = Release|Any CPU
		{41B96174-74D6-49BB-9ADF-B14B4F733161}.Release|Any CPU.Build.0 = Release|Any CPU
	EndGlobalSection
	GlobalSection(SolutionProperties) = preSolution
		HideSolutionNode = FALSE
	EndGlobalSection
	GlobalSection(ExtensibilityGlobals) = postSolution
		SolutionGuid = {5277CA77-43B5-47C7-8A86-F9BF5A75E313}
	EndGlobalSection
EndGlobal
